Microsoft Visual Studio Solution File, Format Version 12.00
# Visual Studio 15
VisualStudioVersion = 15.0.28010.2036
MinimumVisualStudioVersion = 10.0.40219.1
Project("{2150E333-8FDC-42A3-9474-1A3956D46DE8}") = "FormsLib", "FormsLib", "{59F1D1D1-AE17-414F-B4A6-898CA9A58B19}"
EndProject
Project("{9A19103F-16F7-4668-BE54-9A1E7A4F7556}") = "JumioForms", "FormsLib\JumioForms\JumioForms.csproj", "{9C1D1816-0059-48C0-8ACF-3992ADD0615D}"
EndProject
Project("{9A19103F-16F7-4668-BE54-9A1E7A4F7556}") = "JumioForms.Abstractions", "FormsLib\JumioForms.Abstractions\JumioForms.Abstractions.csproj", "{5A3F1A23-A249-45A4-9B57-DF0BE37ADAF4}"
EndProject
Project("{FAE04EC0-301F-11D3-BF4B-00C04F79EFBC}") = "JumioForms.Android", "FormsLib\JumioForms.Android\JumioForms.Android.csproj", "{3984C36E-D854-42CE-B193-9F3B2A07478D}"
EndProject
Project("{FAE04EC0-301F-11D3-BF4B-00C04F79EFBC}") = "JumioForms.iOS", "FormsLib\JumioForms.iOS\JumioForms.iOS.csproj", "{08C6B5CE-D5D7-456D-92B3-EC9ACC3C51A2}"
EndProject
Project("{2150E333-8FDC-42A3-9474-1A3956D46DE8}") = "FormsApp", "FormsApp", "{E2E05F34-5CDC-40CE-AA8D-DED3C8AAE547}"
EndProject
Project("{FAE04EC0-301F-11D3-BF4B-00C04F79EFBC}") = "JumioFormsApp.Android", "FormsApp\JumioFormsApp.Android\JumioFormsApp.Android.csproj", "{89074941-ABC1-48ED-BC30-04F14201AB0F}"
EndProject
Project("{FAE04EC0-301F-11D3-BF4B-00C04F79EFBC}") = "JumioFormsApp.iOS", "FormsApp\JumioFormsApp.iOS\JumioFormsApp.iOS.csproj", "{B0FE8539-E224-4C5D-846E-16277E72CF8E}"
EndProject
Project("{9A19103F-16F7-4668-BE54-9A1E7A4F7556}") = "JumioFormsApp", "FormsApp\JumioFormsApp\JumioFormsApp.csproj", "{494DDBA3-6DAD-43BA-9AE9-0D36FE96B45A}"
EndProject
Global
	GlobalSection(SolutionConfigurationPlatforms) = preSolution
		Ad-Hoc|Any CPU = Ad-Hoc|Any CPU
		Ad-Hoc|iPhone = Ad-Hoc|iPhone
		Ad-Hoc|iPhoneSimulator = Ad-Hoc|iPhoneSimulator
		AppStore|Any CPU = AppStore|Any CPU
		AppStore|iPhone = AppStore|iPhone
		AppStore|iPhoneSimulator = AppStore|iPhoneSimulator
		Debug|Any CPU = Debug|Any CPU
		Debug|iPhone = Debug|iPhone
		Debug|iPhoneSimulator = Debug|iPhoneSimulator
		Release|Any CPU = Release|Any CPU
		Release|iPhone = Release|iPhone
		Release|iPhoneSimulator = Release|iPhoneSimulator
	EndGlobalSection
	GlobalSection(ProjectConfigurationPlatforms) = postSolution
		{9C1D1816-0059-48C0-8ACF-3992ADD0615D}.Ad-Hoc|Any CPU.ActiveCfg = Release|Any CPU
		{9C1D1816-0059-48C0-8ACF-3992ADD0615D}.Ad-Hoc|Any CPU.Build.0 = Release|Any CPU
		{9C1D1816-0059-48C0-8ACF-3992ADD0615D}.Ad-Hoc|iPhone.ActiveCfg = Debug|Any CPU
		{9C1D1816-0059-48C0-8ACF-3992ADD0615D}.Ad-Hoc|iPhone.Build.0 = Debug|Any CPU
		{9C1D1816-0059-48C0-8ACF-3992ADD0615D}.Ad-Hoc|iPhoneSimulator.ActiveCfg = Release|Any CPU
		{9C1D1816-0059-48C0-8ACF-3992ADD0615D}.Ad-Hoc|iPhoneSimulator.Build.0 = Release|Any CPU
		{9C1D1816-0059-48C0-8ACF-3992ADD0615D}.AppStore|Any CPU.ActiveCfg = Release|Any CPU
		{9C1D1816-0059-48C0-8ACF-3992ADD0615D}.AppStore|Any CPU.Build.0 = Release|Any CPU
		{9C1D1816-0059-48C0-8ACF-3992ADD0615D}.AppStore|iPhone.ActiveCfg = Debug|Any CPU
		{9C1D1816-0059-48C0-8ACF-3992ADD0615D}.AppStore|iPhone.Build.0 = Debug|Any CPU
		{9C1D1816-0059-48C0-8ACF-3992ADD0615D}.AppStore|iPhoneSimulator.ActiveCfg = Release|Any CPU
		{9C1D1816-0059-48C0-8ACF-3992ADD0615D}.AppStore|iPhoneSimulator.Build.0 = Release|Any CPU
		{9C1D1816-0059-48C0-8ACF-3992ADD0615D}.Debug|Any CPU.ActiveCfg = Debug|Any CPU
		{9C1D1816-0059-48C0-8ACF-3992ADD0615D}.Debug|Any CPU.Build.0 = Debug|Any CPU
		{9C1D1816-0059-48C0-8ACF-3992ADD0615D}.Debug|iPhone.ActiveCfg = Debug|Any CPU
		{9C1D1816-0059-48C0-8ACF-3992ADD0615D}.Debug|iPhone.Build.0 = Debug|Any CPU
		{9C1D1816-0059-48C0-8ACF-3992ADD0615D}.Debug|iPhoneSimulator.ActiveCfg = Debug|Any CPU
		{9C1D1816-0059-48C0-8ACF-3992ADD0615D}.Debug|iPhoneSimulator.Build.0 = Debug|Any CPU
		{9C1D1816-0059-48C0-8ACF-3992ADD0615D}.Release|Any CPU.ActiveCfg = Release|Any CPU
		{9C1D1816-0059-48C0-8ACF-3992ADD0615D}.Release|Any CPU.Build.0 = Release|Any CPU
		{9C1D1816-0059-48C0-8ACF-3992ADD0615D}.Release|iPhone.ActiveCfg = Release|Any CPU
		{9C1D1816-0059-48C0-8ACF-3992ADD0615D}.Release|iPhone.Build.0 = Release|Any CPU
		{9C1D1816-0059-48C0-8ACF-3992ADD0615D}.Release|iPhoneSimulator.ActiveCfg = Release|Any CPU
		{9C1D1816-0059-48C0-8ACF-3992ADD0615D}.Release|iPhoneSimulator.Build.0 = Release|Any CPU
		{5A3F1A23-A249-45A4-9B57-DF0BE37ADAF4}.Ad-Hoc|Any CPU.ActiveCfg = Release|Any CPU
		{5A3F1A23-A249-45A4-9B57-DF0BE37ADAF4}.Ad-Hoc|Any CPU.Build.0 = Release|Any CPU
		{5A3F1A23-A249-45A4-9B57-DF0BE37ADAF4}.Ad-Hoc|iPhone.ActiveCfg = Debug|Any CPU
		{5A3F1A23-A249-45A4-9B57-DF0BE37ADAF4}.Ad-Hoc|iPhone.Build.0 = Debug|Any CPU
		{5A3F1A23-A249-45A4-9B57-DF0BE37ADAF4}.Ad-Hoc|iPhoneSimulator.ActiveCfg = Release|Any CPU
		{5A3F1A23-A249-45A4-9B57-DF0BE37ADAF4}.Ad-Hoc|iPhoneSimulator.Build.0 = Release|Any CPU
		{5A3F1A23-A249-45A4-9B57-DF0BE37ADAF4}.AppStore|Any CPU.ActiveCfg = Release|Any CPU
		{5A3F1A23-A249-45A4-9B57-DF0BE37ADAF4}.AppStore|Any CPU.Build.0 = Release|Any CPU
		{5A3F1A23-A249-45A4-9B57-DF0BE37ADAF4}.AppStore|iPhone.ActiveCfg = Debug|Any CPU
		{5A3F1A23-A249-45A4-9B57-DF0BE37ADAF4}.AppStore|iPhone.Build.0 = Debug|Any CPU
		{5A3F1A23-A249-45A4-9B57-DF0BE37ADAF4}.AppStore|iPhoneSimulator.ActiveCfg = Release|Any CPU
		{5A3F1A23-A249-45A4-9B57-DF0BE37ADAF4}.AppStore|iPhoneSimulator.Build.0 = Release|Any CPU
		{5A3F1A23-A249-45A4-9B57-DF0BE37ADAF4}.Debug|Any CPU.ActiveCfg = Debug|Any CPU
		{5A3F1A23-A249-45A4-9B57-DF0BE37ADAF4}.Debug|Any CPU.Build.0 = Debug|Any CPU
		{5A3F1A23-A249-45A4-9B57-DF0BE37ADAF4}.Debug|iPhone.ActiveCfg = Debug|Any CPU
		{5A3F1A23-A249-45A4-9B57-DF0BE37ADAF4}.Debug|iPhone.Build.0 = Debug|Any CPU
		{5A3F1A23-A249-45A4-9B57-DF0BE37ADAF4}.Debug|iPhoneSimulator.ActiveCfg = Debug|Any CPU
		{5A3F1A23-A249-45A4-9B57-DF0BE37ADAF4}.Debug|iPhoneSimulator.Build.0 = Debug|Any CPU
		{5A3F1A23-A249-45A4-9B57-DF0BE37ADAF4}.Release|Any CPU.ActiveCfg = Release|Any CPU
		{5A3F1A23-A249-45A4-9B57-DF0BE37ADAF4}.Release|Any CPU.Build.0 = Release|Any CPU
		{5A3F1A23-A249-45A4-9B57-DF0BE37ADAF4}.Release|iPhone.ActiveCfg = Release|Any CPU
		{5A3F1A23-A249-45A4-9B57-DF0BE37ADAF4}.Release|iPhone.Build.0 = Release|Any CPU
		{5A3F1A23-A249-45A4-9B57-DF0BE37ADAF4}.Release|iPhoneSimulator.ActiveCfg = Release|Any CPU
		{5A3F1A23-A249-45A4-9B57-DF0BE37ADAF4}.Release|iPhoneSimulator.Build.0 = Release|Any CPU
		{3984C36E-D854-42CE-B193-9F3B2A07478D}.Ad-Hoc|Any CPU.ActiveCfg = Release|Any CPU
		{3984C36E-D854-42CE-B193-9F3B2A07478D}.Ad-Hoc|Any CPU.Build.0 = Release|Any CPU
		{3984C36E-D854-42CE-B193-9F3B2A07478D}.Ad-Hoc|iPhone.ActiveCfg = Debug|Any CPU
		{3984C36E-D854-42CE-B193-9F3B2A07478D}.Ad-Hoc|iPhone.Build.0 = Debug|Any CPU
		{3984C36E-D854-42CE-B193-9F3B2A07478D}.Ad-Hoc|iPhoneSimulator.ActiveCfg = Release|Any CPU
		{3984C36E-D854-42CE-B193-9F3B2A07478D}.Ad-Hoc|iPhoneSimulator.Build.0 = Release|Any CPU
		{3984C36E-D854-42CE-B193-9F3B2A07478D}.AppStore|Any CPU.ActiveCfg = Release|Any CPU
		{3984C36E-D854-42CE-B193-9F3B2A07478D}.AppStore|Any CPU.Build.0 = Release|Any CPU
		{3984C36E-D854-42CE-B193-9F3B2A07478D}.AppStore|iPhone.ActiveCfg = Debug|Any CPU
		{3984C36E-D854-42CE-B193-9F3B2A07478D}.AppStore|iPhone.Build.0 = Debug|Any CPU
		{3984C36E-D854-42CE-B193-9F3B2A07478D}.AppStore|iPhoneSimulator.ActiveCfg = Release|Any CPU
		{3984C36E-D854-42CE-B193-9F3B2A07478D}.AppStore|iPhoneSimulator.Build.0 = Release|Any CPU
		{3984C36E-D854-42CE-B193-9F3B2A07478D}.Debug|Any CPU.ActiveCfg = Debug|Any CPU
		{3984C36E-D854-42CE-B193-9F3B2A07478D}.Debug|Any CPU.Build.0 = Debug|Any CPU
		{3984C36E-D854-42CE-B193-9F3B2A07478D}.Debug|iPhone.ActiveCfg = Debug|Any CPU
		{3984C36E-D854-42CE-B193-9F3B2A07478D}.Debug|iPhone.Build.0 = Debug|Any CPU
		{3984C36E-D854-42CE-B193-9F3B2A07478D}.Debug|iPhoneSimulator.ActiveCfg = Debug|Any CPU
		{3984C36E-D854-42CE-B193-9F3B2A07478D}.Debug|iPhoneSimulator.Build.0 = Debug|Any CPU
		{3984C36E-D854-42CE-B193-9F3B2A07478D}.Release|Any CPU.ActiveCfg = Release|Any CPU
		{3984C36E-D854-42CE-B193-9F3B2A07478D}.Release|Any CPU.Build.0 = Release|Any CPU
		{3984C36E-D854-42CE-B193-9F3B2A07478D}.Release|iPhone.ActiveCfg = Release|Any CPU
		{3984C36E-D854-42CE-B193-9F3B2A07478D}.Release|iPhone.Build.0 = Release|Any CPU
		{3984C36E-D854-42CE-B193-9F3B2A07478D}.Release|iPhoneSimulator.ActiveCfg = Release|Any CPU
		{3984C36E-D854-42CE-B193-9F3B2A07478D}.Release|iPhoneSimulator.Build.0 = Release|Any CPU
		{08C6B5CE-D5D7-456D-92B3-EC9ACC3C51A2}.Ad-Hoc|Any CPU.ActiveCfg = Release|Any CPU
		{08C6B5CE-D5D7-456D-92B3-EC9ACC3C51A2}.Ad-Hoc|Any CPU.Build.0 = Release|Any CPU
		{08C6B5CE-D5D7-456D-92B3-EC9ACC3C51A2}.Ad-Hoc|iPhone.ActiveCfg = Debug|Any CPU
		{08C6B5CE-D5D7-456D-92B3-EC9ACC3C51A2}.Ad-Hoc|iPhone.Build.0 = Debug|Any CPU
		{08C6B5CE-D5D7-456D-92B3-EC9ACC3C51A2}.Ad-Hoc|iPhoneSimulator.ActiveCfg = Release|Any CPU
		{08C6B5CE-D5D7-456D-92B3-EC9ACC3C51A2}.Ad-Hoc|iPhoneSimulator.Build.0 = Release|Any CPU
		{08C6B5CE-D5D7-456D-92B3-EC9ACC3C51A2}.AppStore|Any CPU.ActiveCfg = Release|Any CPU
		{08C6B5CE-D5D7-456D-92B3-EC9ACC3C51A2}.AppStore|Any CPU.Build.0 = Release|Any CPU
		{08C6B5CE-D5D7-456D-92B3-EC9ACC3C51A2}.AppStore|iPhone.ActiveCfg = Debug|Any CPU
		{08C6B5CE-D5D7-456D-92B3-EC9ACC3C51A2}.AppStore|iPhone.Build.0 = Debug|Any CPU
		{08C6B5CE-D5D7-456D-92B3-EC9ACC3C51A2}.AppStore|iPhoneSimulator.ActiveCfg = Release|Any CPU
		{08C6B5CE-D5D7-456D-92B3-EC9ACC3C51A2}.AppStore|iPhoneSimulator.Build.0 = Release|Any CPU
		{08C6B5CE-D5D7-456D-92B3-EC9ACC3C51A2}.Debug|Any CPU.ActiveCfg = Debug|Any CPU
		{08C6B5CE-D5D7-456D-92B3-EC9ACC3C51A2}.Debug|Any CPU.Build.0 = Debug|Any CPU
		{08C6B5CE-D5D7-456D-92B3-EC9ACC3C51A2}.Debug|iPhone.ActiveCfg = Debug|Any CPU
		{08C6B5CE-D5D7-456D-92B3-EC9ACC3C51A2}.Debug|iPhone.Build.0 = Debug|Any CPU
		{08C6B5CE-D5D7-456D-92B3-EC9ACC3C51A2}.Debug|iPhoneSimulator.ActiveCfg = Debug|Any CPU
		{08C6B5CE-D5D7-456D-92B3-EC9ACC3C51A2}.Debug|iPhoneSimulator.Build.0 = Debug|Any CPU
		{08C6B5CE-D5D7-456D-92B3-EC9ACC3C51A2}.Release|Any CPU.ActiveCfg = Release|Any CPU
		{08C6B5CE-D5D7-456D-92B3-EC9ACC3C51A2}.Release|Any CPU.Build.0 = Release|Any CPU
		{08C6B5CE-D5D7-456D-92B3-EC9ACC3C51A2}.Release|iPhone.ActiveCfg = Release|Any CPU
		{08C6B5CE-D5D7-456D-92B3-EC9ACC3C51A2}.Release|iPhone.Build.0 = Release|Any CPU
		{08C6B5CE-D5D7-456D-92B3-EC9ACC3C51A2}.Release|iPhoneSimulator.ActiveCfg = Release|Any CPU
		{08C6B5CE-D5D7-456D-92B3-EC9ACC3C51A2}.Release|iPhoneSimulator.Build.0 = Release|Any CPU
		{89074941-ABC1-48ED-BC30-04F14201AB0F}.Ad-Hoc|Any CPU.ActiveCfg = Release|Any CPU
		{89074941-ABC1-48ED-BC30-04F14201AB0F}.Ad-Hoc|Any CPU.Build.0 = Release|Any CPU
		{89074941-ABC1-48ED-BC30-04F14201AB0F}.Ad-Hoc|Any CPU.Deploy.0 = Release|Any CPU
		{89074941-ABC1-48ED-BC30-04F14201AB0F}.Ad-Hoc|iPhone.ActiveCfg = Debug|Any CPU
		{89074941-ABC1-48ED-BC30-04F14201AB0F}.Ad-Hoc|iPhone.Build.0 = Debug|Any CPU
		{89074941-ABC1-48ED-BC30-04F14201AB0F}.Ad-Hoc|iPhoneSimulator.ActiveCfg = Release|Any CPU
		{89074941-ABC1-48ED-BC30-04F14201AB0F}.Ad-Hoc|iPhoneSimulator.Build.0 = Release|Any CPU
		{89074941-ABC1-48ED-BC30-04F14201AB0F}.Ad-Hoc|iPhoneSimulator.Deploy.0 = Release|Any CPU
		{89074941-ABC1-48ED-BC30-04F14201AB0F}.AppStore|Any CPU.ActiveCfg = Release|Any CPU
		{89074941-ABC1-48ED-BC30-04F14201AB0F}.AppStore|Any CPU.Build.0 = Release|Any CPU
		{89074941-ABC1-48ED-BC30-04F14201AB0F}.AppStore|Any CPU.Deploy.0 = Release|Any CPU
		{89074941-ABC1-48ED-BC30-04F14201AB0F}.AppStore|iPhone.ActiveCfg = Debug|Any CPU
		{89074941-ABC1-48ED-BC30-04F14201AB0F}.AppStore|iPhone.Build.0 = Debug|Any CPU
		{89074941-ABC1-48ED-BC30-04F14201AB0F}.AppStore|iPhoneSimulator.ActiveCfg = Release|Any CPU
		{89074941-ABC1-48ED-BC30-04F14201AB0F}.AppStore|iPhoneSimulator.Build.0 = Release|Any CPU
		{89074941-ABC1-48ED-BC30-04F14201AB0F}.AppStore|iPhoneSimulator.Deploy.0 = Release|Any CPU
		{89074941-ABC1-48ED-BC30-04F14201AB0F}.Debug|Any CPU.ActiveCfg = Debug|Any CPU
		{89074941-ABC1-48ED-BC30-04F14201AB0F}.Debug|Any CPU.Build.0 = Debug|Any CPU
		{89074941-ABC1-48ED-BC30-04F14201AB0F}.Debug|Any CPU.Deploy.0 = Debug|Any CPU
		{89074941-ABC1-48ED-BC30-04F14201AB0F}.Debug|iPhone.ActiveCfg = Debug|Any CPU
		{89074941-ABC1-48ED-BC30-04F14201AB0F}.Debug|iPhone.Build.0 = Debug|Any CPU
		{89074941-ABC1-48ED-BC30-04F14201AB0F}.Debug|iPhoneSimulator.ActiveCfg = Debug|Any CPU
		{89074941-ABC1-48ED-BC30-04F14201AB0F}.Debug|iPhoneSimulator.Build.0 = Debug|Any CPU
		{89074941-ABC1-48ED-BC30-04F14201AB0F}.Release|Any CPU.ActiveCfg = Release|Any CPU
		{89074941-ABC1-48ED-BC30-04F14201AB0F}.Release|Any CPU.Build.0 = Release|Any CPU
		{89074941-ABC1-48ED-BC30-04F14201AB0F}.Release|iPhone.ActiveCfg = Release|Any CPU
		{89074941-ABC1-48ED-BC30-04F14201AB0F}.Release|iPhone.Build.0 = Release|Any CPU
		{89074941-ABC1-48ED-BC30-04F14201AB0F}.Release|iPhoneSimulator.ActiveCfg = Release|Any CPU
		{89074941-ABC1-48ED-BC30-04F14201AB0F}.Release|iPhoneSimulator.Build.0 = Release|Any CPU
		{B0FE8539-E224-4C5D-846E-16277E72CF8E}.Ad-Hoc|Any CPU.ActiveCfg = Ad-Hoc|iPhoneSimulator
		{B0FE8539-E224-4C5D-846E-16277E72CF8E}.Ad-Hoc|iPhone.ActiveCfg = Ad-Hoc|iPhone
		{B0FE8539-E224-4C5D-846E-16277E72CF8E}.Ad-Hoc|iPhone.Build.0 = Ad-Hoc|iPhone
		{B0FE8539-E224-4C5D-846E-16277E72CF8E}.Ad-Hoc|iPhoneSimulator.ActiveCfg = Ad-Hoc|iPhoneSimulator
		{B0FE8539-E224-4C5D-846E-16277E72CF8E}.Ad-Hoc|iPhoneSimulator.Build.0 = Ad-Hoc|iPhoneSimulator
		{B0FE8539-E224-4C5D-846E-16277E72CF8E}.AppStore|Any CPU.ActiveCfg = AppStore|iPhoneSimulator
		{B0FE8539-E224-4C5D-846E-16277E72CF8E}.AppStore|iPhone.ActiveCfg = AppStore|iPhone
		{B0FE8539-E224-4C5D-846E-16277E72CF8E}.AppStore|iPhone.Build.0 = AppStore|iPhone
		{B0FE8539-E224-4C5D-846E-16277E72CF8E}.AppStore|iPhoneSimulator.ActiveCfg = AppStore|iPhoneSimulator
		{B0FE8539-E224-4C5D-846E-16277E72CF8E}.AppStore|iPhoneSimulator.Build.0 = AppStore|iPhoneSimulator
		{B0FE8539-E224-4C5D-846E-16277E72CF8E}.Debug|Any CPU.ActiveCfg = Debug|iPhoneSimulator
		{B0FE8539-E224-4C5D-846E-16277E72CF8E}.Debug|Any CPU.Build.0 = Debug|iPhoneSimulator
		{B0FE8539-E224-4C5D-846E-16277E72CF8E}.Debug|iPhone.ActiveCfg = Debug|iPhone
		{B0FE8539-E224-4C5D-846E-16277E72CF8E}.Debug|iPhone.Build.0 = Debug|iPhone
		{B0FE8539-E224-4C5D-846E-16277E72CF8E}.Debug|iPhoneSimulator.ActiveCfg = Debug|iPhoneSimulator
		{B0FE8539-E224-4C5D-846E-16277E72CF8E}.Debug|iPhoneSimulator.Build.0 = Debug|iPhoneSimulator
		{B0FE8539-E224-4C5D-846E-16277E72CF8E}.Release|Any CPU.ActiveCfg = Release|iPhoneSimulator
		{B0FE8539-E224-4C5D-846E-16277E72CF8E}.Release|Any CPU.Build.0 = Release|iPhoneSimulator
		{B0FE8539-E224-4C5D-846E-16277E72CF8E}.Release|iPhone.ActiveCfg = Release|iPhone
		{B0FE8539-E224-4C5D-846E-16277E72CF8E}.Release|iPhone.Build.0 = Release|iPhone
		{B0FE8539-E224-4C5D-846E-16277E72CF8E}.Release|iPhoneSimulator.ActiveCfg = Release|iPhoneSimulator
		{B0FE8539-E224-4C5D-846E-16277E72CF8E}.Release|iPhoneSimulator.Build.0 = Release|iPhoneSimulator
		{494DDBA3-6DAD-43BA-9AE9-0D36FE96B45A}.Ad-Hoc|Any CPU.ActiveCfg = Release|Any CPU
		{494DDBA3-6DAD-43BA-9AE9-0D36FE96B45A}.Ad-Hoc|Any CPU.Build.0 = Release|Any CPU
		{494DDBA3-6DAD-43BA-9AE9-0D36FE96B45A}.Ad-Hoc|iPhone.ActiveCfg = Debug|Any CPU
		{494DDBA3-6DAD-43BA-9AE9-0D36FE96B45A}.Ad-Hoc|iPhone.Build.0 = Debug|Any CPU
		{494DDBA3-6DAD-43BA-9AE9-0D36FE96B45A}.Ad-Hoc|iPhoneSimulator.ActiveCfg = Release|Any CPU
		{494DDBA3-6DAD-43BA-9AE9-0D36FE96B45A}.Ad-Hoc|iPhoneSimulator.Build.0 = Release|Any CPU
		{494DDBA3-6DAD-43BA-9AE9-0D36FE96B45A}.AppStore|Any CPU.ActiveCfg = Release|Any CPU
		{494DDBA3-6DAD-43BA-9AE9-0D36FE96B45A}.AppStore|Any CPU.Build.0 = Release|Any CPU
		{494DDBA3-6DAD-43BA-9AE9-0D36FE96B45A}.AppStore|iPhone.ActiveCfg = Debug|Any CPU
		{494DDBA3-6DAD-43BA-9AE9-0D36FE96B45A}.AppStore|iPhone.Build.0 = Debug|Any CPU
		{494DDBA3-6DAD-43BA-9AE9-0D36FE96B45A}.AppStore|iPhoneSimulator.ActiveCfg = Release|Any CPU
		{494DDBA3-6DAD-43BA-9AE9-0D36FE96B45A}.AppStore|iPhoneSimulator.Build.0 = Release|Any CPU
		{494DDBA3-6DAD-43BA-9AE9-0D36FE96B45A}.Debug|Any CPU.ActiveCfg = Debug|Any CPU
		{494DDBA3-6DAD-43BA-9AE9-0D36FE96B45A}.Debug|Any CPU.Build.0 = Debug|Any CPU
		{494DDBA3-6DAD-43BA-9AE9-0D36FE96B45A}.Debug|iPhone.ActiveCfg = Debug|Any CPU
		{494DDBA3-6DAD-43BA-9AE9-0D36FE96B45A}.Debug|iPhone.Build.0 = Debug|Any CPU
		{494DDBA3-6DAD-43BA-9AE9-0D36FE96B45A}.Debug|iPhoneSimulator.ActiveCfg = Debug|Any CPU
		{494DDBA3-6DAD-43BA-9AE9-0D36FE96B45A}.Debug|iPhoneSimulator.Build.0 = Debug|Any CPU
		{494DDBA3-6DAD-43BA-9AE9-0D36FE96B45A}.Release|Any CPU.ActiveCfg = Release|Any CPU
		{494DDBA3-6DAD-43BA-9AE9-0D36FE96B45A}.Release|Any CPU.Build.0 = Release|Any CPU
		{494DDBA3-6DAD-43BA-9AE9-0D36FE96B45A}.Release|iPhone.ActiveCfg = Release|Any CPU
		{494DDBA3-6DAD-43BA-9AE9-0D36FE96B45A}.Release|iPhone.Build.0 = Release|Any CPU
		{494DDBA3-6DAD-43BA-9AE9-0D36FE96B45A}.Release|iPhoneSimulator.ActiveCfg = Release|Any CPU
		{494DDBA3-6DAD-43BA-9AE9-0D36FE96B45A}.Release|iPhoneSimulator.Build.0 = Release|Any CPU
	EndGlobalSection
	GlobalSection(SolutionProperties) = preSolution
		HideSolutionNode = FALSE
	EndGlobalSection
	GlobalSection(NestedProjects) = preSolution
		{9C1D1816-0059-48C0-8ACF-3992ADD0615D} = {59F1D1D1-AE17-414F-B4A6-898CA9A58B19}
		{5A3F1A23-A249-45A4-9B57-DF0BE37ADAF4} = {59F1D1D1-AE17-414F-B4A6-898CA9A58B19}
		{3984C36E-D854-42CE-B193-9F3B2A07478D} = {59F1D1D1-AE17-414F-B4A6-898CA9A58B19}
		{08C6B5CE-D5D7-456D-92B3-EC9ACC3C51A2} = {59F1D1D1-AE17-414F-B4A6-898CA9A58B19}
		{89074941-ABC1-48ED-BC30-04F14201AB0F} = {E2E05F34-5CDC-40CE-AA8D-DED3C8AAE547}
		{B0FE8539-E224-4C5D-846E-16277E72CF8E} = {E2E05F34-5CDC-40CE-AA8D-DED3C8AAE547}
		{494DDBA3-6DAD-43BA-9AE9-0D36FE96B45A} = {E2E05F34-5CDC-40CE-AA8D-DED3C8AAE547}
	EndGlobalSection
	GlobalSection(ExtensibilityGlobals) = postSolution
		SolutionGuid = {3E24DC4D-D054-4015-94C5-AC93D8B55FDD}
	EndGlobalSection
EndGlobal
